
Microsoft Visual Studio Solution File, Format Version 12.00
# Visual Studio Version 17
VisualStudioVersion = 17.8.34330.188
MinimumVisualStudioVersion = 10.0.40219.1
Project("{FAE04EC0-301F-11D3-BF4B-00C04F79EFBC}") = "mebsoftwareApi", "mebsoftwareApi.csproj", "{AA61D8EB-EBBD-4EF0-963C-EA9DAF9E865D}"
EndProject
Global
	GlobalSection(SolutionConfigurationPlatforms) = preSolution
		Debug|Any CPU = Debug|Any CPU
		Release|Any CPU = Release|Any CPU
	EndGlobalSection
	GlobalSection(ProjectConfigurationPlatforms) = postSolution
		{AA61D8EB-EBBD-4EF0-963C-EA9DAF9E865D}.Debug|Any CPU.ActiveCfg = Debug|Any CPU
		{AA61D8EB-EBBD-4EF0-963C-EA9DAF9E865D}.Debug|Any CPU.Build.0 = Debug|Any CPU
		{AA61D8EB-EBBD-4EF0-963C-EA9DAF9E865D}.Release|Any CPU.ActiveCfg = Release|Any CPU
		{AA61D8EB-EBBD-4EF0-963C-EA9DAF9E865D}.Release|Any CPU.Build.0 = Release|Any CPU
	EndGlobalSection
	GlobalSection(SolutionProperties) = preSolution
		HideSolutionNode = FALSE
	EndGlobalSection
	GlobalSection(ExtensibilityGlobals) = postSolution
		SolutionGuid = {8E20B123-5D71-40AB-8321-B6AB52E265CF}
	EndGlobalSection
EndGlobal
